// !$*UTF8*$!
{
	archiveVersion = 1;
	classes = {
	};
	objectVersion = 56;
	objects = {

/* Begin PBXBuildFile section */
		04D367132B3CA4AD002D635F /* AppDelegate.swift in Sources */ = {isa = PBXBuildFile; fileRef = 04D367122B3CA4AD002D635F /* AppDelegate.swift */; };
		04D367152B3CA4AD002D635F /* SceneDelegate.swift in Sources */ = {isa = PBXBuildFile; fileRef = 04D367142B3CA4AD002D635F /* SceneDelegate.swift */; };
		04D367172B3CA4AD002D635F /* ViewController.swift in Sources */ = {isa = PBXBuildFile; fileRef = 04D367162B3CA4AD002D635F /* ViewController.swift */; };
		04D3671A2B3CA4AD002D635F /* Main.storyboard in Resources */ = {isa = PBXBuildFile; fileRef = 04D367182B3CA4AD002D635F /* Main.storyboard */; };
		04D3671C2B3CA4AE002D635F /* Assets.xcassets in Resources */ = {isa = PBXBuildFile; fileRef = 04D3671B2B3CA4AE002D635F /* Assets.xcassets */; };
		04D3671F2B3CA4AE002D635F /* LaunchScreen.storyboard in Resources */ = {isa = PBXBuildFile; fileRef = 04D3671D2B3CA4AE002D635F /* LaunchScreen.storyboard */; };
		04D367272B3CAF3A002D635F /* JokeModel.swift in Sources */ = {isa = PBXBuildFile; fileRef = 04D367262B3CAF3A002D635F /* JokeModel.swift */; };
/* End PBXBuildFile section */

/* Begin PBXFileReference section */
		04D3670F2B3CA4AD002D635F /* Basic request.app */ = {isa = PBXFileReference; explicitFileType = wrapper.application; includeInIndex = 0; path = "Basic request.app"; sourceTree = BUILT_PRODUCTS_DIR; };
		04D367122B3CA4AD002D635F /* AppDelegate.swift */ = {isa = PBXFileReference; lastKnownFileType = sourcecode.swift; path = AppDelegate.swift; sourceTree = "<group>"; };
		04D367142B3CA4AD002D635F /* SceneDelegate.swift */ = {isa = PBXFileReference; lastKnownFileType = sourcecode.swift; path = SceneDelegate.swift; sourceTree = "<group>"; };
		04D367162B3CA4AD002D635F /* ViewController.swift */ = {isa = PBXFileReference; lastKnownFileType = sourcecode.swift; path = ViewController.swift; sourceTree = "<group>"; };
		04D367192B3CA4AD002D635F /* Base */ = {isa = PBXFileReference; lastKnownFileType = file.storyboard; name = Base; path = Base.lproj/Main.storyboard; sourceTree = "<group>"; };
		04D3671B2B3CA4AE002D635F /* Assets.xcassets */ = {isa = PBXFileReference; lastKnownFileType = folder.assetcatalog; path = Assets.xcassets; sourceTree = "<group>"; };
		04D3671E2B3CA4AE002D635F /* Base */ = {isa = PBXFileReference; lastKnownFileType = file.storyboard; name = Base; path = Base.lproj/LaunchScreen.storyboard; sourceTree = "<group>"; };
		04D367202B3CA4AE002D635F /* Info.plist */ = {isa = PBXFileReference; lastKnownFileType = text.plist.xml; path = Info.plist; sourceTree = "<group>"; };
		04D367262B3CAF3A002D635F /* JokeModel.swift */ = {isa = PBXFileReference; lastKnownFileType = sourcecode.swift; path = JokeModel.swift; sourceTree = "<group>"; };
/* End PBXFileReference section */

/* Begin PBXFrameworksBuildPhase section */
		04D3670C2B3CA4AD002D635F /* Frameworks */ = {
			isa = PBXFrameworksBuildPhase;
			buildActionMask = 2147483647;
			files = (
			);
			runOnlyForDeploymentPostprocessing = 0;
		};
/* End PBXFrameworksBuildPhase section */

/* Begin PBXGroup section */
		04D367062B3CA4AD002D635F = {
			isa = PBXGroup;
			children = (
				04D367112B3CA4AD002D635F /* Basic request */,
				04D367102B3CA4AD002D635F /* Products */,
			);
			sourceTree = "<group>";
		};
		04D367102B3CA4AD002D635F /* Products */ = {
			isa = PBXGroup;
			children = (
				04D3670F2B3CA4AD002D635F /* Basic request.app */,
			);
			name = Products;
			sourceTree = "<group>";
		};
		04D367112B3CA4AD002D635F /* Basic request */ = {
			isa = PBXGroup;
			children = (
				04D3672B2B3CBD0E002D635F /* View */,
				04D367292B3CBC65002D635F /* Model */,
				04D367282B3CBC55002D635F /* Controller */,
				04D3672A2B3CBC79002D635F /* Helpers */,
				04D367182B3CA4AD002D635F /* Main.storyboard */,
				04D3671D2B3CA4AE002D635F /* LaunchScreen.storyboard */,
				04D367202B3CA4AE002D635F /* Info.plist */,
			);
			path = "Basic request";
			sourceTree = "<group>";
		};
		04D367282B3CBC55002D635F /* Controller */ = {
			isa = PBXGroup;
			children = (
				04D367162B3CA4AD002D635F /* ViewController.swift */,
			);
			path = Controller;
			sourceTree = "<group>";
		};
		04D367292B3CBC65002D635F /* Model */ = {
			isa = PBXGroup;
			children = (
				04D367262B3CAF3A002D635F /* JokeModel.swift */,
			);
			path = Model;
			sourceTree = "<group>";
		};
		04D3672A2B3CBC79002D635F /* Helpers */ = {
			isa = PBXGroup;
			children = (
				04D367122B3CA4AD002D635F /* AppDelegate.swift */,
				04D367142B3CA4AD002D635F /* SceneDelegate.swift */,
				04D3671B2B3CA4AE002D635F /* Assets.xcassets */,
			);
			path = Helpers;
			sourceTree = "<group>";
		};
		04D3672B2B3CBD0E002D635F /* View */ = {
			isa = PBXGroup;
			children = (
			);
			path = View;
			sourceTree = "<group>";
		};
/* End PBXGroup section */

/* Begin PBXNativeTarget section */
		04D3670E2B3CA4AD002D635F /* Basic request */ = {
			isa = PBXNativeTarget;
			buildConfigurationList = 04D367232B3CA4AE002D635F /* Build configuration list for PBXNativeTarget "Basic request" */;
			buildPhases = (
				04D3670B2B3CA4AD002D635F /* Sources */,
				04D3670C2B3CA4AD002D635F /* Frameworks */,
				04D3670D2B3CA4AD002D635F /* Resources */,
			);
			buildRules = (
			);
			dependencies = (
			);
			name = "Basic request";
			productName = "Basic request";
			productReference = 04D3670F2B3CA4AD002D635F /* Basic request.app */;
			productType = "com.apple.product-type.application";
		};
/* End PBXNativeTarget section */

/* Begin PBXProject section */
		04D367072B3CA4AD002D635F /* Project object */ = {
			isa = PBXProject;
			attributes = {
				BuildIndependentTargetsInParallel = 1;
				LastSwiftUpdateCheck = 1500;
				LastUpgradeCheck = 1500;
				TargetAttributes = {
					04D3670E2B3CA4AD002D635F = {
						CreatedOnToolsVersion = 15.0.1;
					};
				};
			};
			buildConfigurationList = 04D3670A2B3CA4AD002D635F /* Build configuration list for PBXProject "Basic request" */;
			compatibilityVersion = "Xcode 14.0";
			developmentRegion = en;
			hasScannedForEncodings = 0;
			knownRegions = (
				en,
				Base,
			);
			mainGroup = 04D367062B3CA4AD002D635F;
			productRefGroup = 04D367102B3CA4AD002D635F /* Products */;
			projectDirPath = "";
			projectRoot = "";
			targets = (
				04D3670E2B3CA4AD002D635F /* Basic request */,
			);
		};
/* End PBXProject section */

/* Begin PBXResourcesBuildPhase section */
		04D3670D2B3CA4AD002D635F /* Resources */ = {
			isa = PBXResourcesBuildPhase;
			buildActionMask = 2147483647;
			files = (
				04D3671F2B3CA4AE002D635F /* LaunchScreen.storyboard in Resources */,
				04D3671C2B3CA4AE002D635F /* Assets.xcassets in Resources */,
				04D3671A2B3CA4AD002D635F /* Main.storyboard in Resources */,
			);
			runOnlyForDeploymentPostprocessing = 0;
		};
/* End PBXResourcesBuildPhase section */

/* Begin PBXSourcesBuildPhase section */
		04D3670B2B3CA4AD002D635F /* Sources */ = {
			isa = PBXSourcesBuildPhase;
			buildActionMask = 2147483647;
			files = (
				04D367272B3CAF3A002D635F /* JokeModel.swift in Sources */,
				04D367172B3CA4AD002D635F /* ViewController.swift in Sources */,
				04D367132B3CA4AD002D635F /* AppDelegate.swift in Sources */,
				04D367152B3CA4AD002D635F /* SceneDelegate.swift in Sources */,
			);
			runOnlyForDeploymentPostprocessing = 0;
		};
/* End PBXSourcesBuildPhase section */

/* Begin PBXVariantGroup section */
		04D367182B3CA4AD002D635F /* Main.storyboard */ = {
			isa = PBXVariantGroup;
			children = (
				04D367192B3CA4AD002D635F /* Base */,
			);
			name = Main.storyboard;
			sourceTree = "<group>";
		};
		04D3671D2B3CA4AE002D635F /* LaunchScreen.storyboard */ = {
			isa = PBXVariantGroup;
			children = (
				04D3671E2B3CA4AE002D635F /* Base */,
			);
			name = LaunchScreen.storyboard;
			sourceTree = "<group>";
		};
/* End PBXVariantGroup section */

/* Begin XCBuildConfiguration section */
		04D367212B3CA4AE002D635F /* Debug */ = {
			isa = XCBuildConfiguration;
			buildSettings = {
				ALWAYS_SEARCH_USER_PATHS = NO;
				ASSETCATALOG_COMPILER_GENERATE_SWIFT_ASSET_SYMBOL_EXTENSIONS = YES;
				CLANG_ANALYZER_NONNULL = YES;
				CLANG_ANALYZER_NUMBER_OBJECT_CONVERSION = YES_AGGRESSIVE;
				CLANG_CXX_LANGUAGE_STANDARD = "gnu++20";
				CLANG_ENABLE_MODULES = YES;
				CLANG_ENABLE_OBJC_ARC = YES;
				CLANG_ENABLE_OBJC_WEAK = YES;
				CLANG_WARN_BLOCK_CAPTURE_AUTORELEASING = YES;
				CLANG_WARN_BOOL_CONVERSION = YES;
				CLANG_WARN_COMMA = YES;
				CLANG_WARN_CONSTANT_CONVERSION = YES;
				CLANG_WARN_DEPRECATED_OBJC_IMPLEMENTATIONS = YES;
				CLANG_WARN_DIRECT_OBJC_ISA_USAGE = YES_ERROR;
				CLANG_WARN_DOCUMENTATION_COMMENTS = YES;
				CLANG_WARN_EMPTY_BODY = YES;
				CLANG_WARN_ENUM_CONVERSION = YES;
				CLANG_WARN_INFINITE_RECURSION = YES;
				CLANG_WARN_INT_CONVERSION = YES;
				CLANG_WARN_NON_LITERAL_NULL_CONVERSION = YES;
				CLANG_WARN_OBJC_IMPLICIT_RETAIN_SELF = YES;
				CLANG_WARN_OBJC_LITERAL_CONVERSION = YES;
				CLANG_WARN_OBJC_ROOT_CLASS = YES_ERROR;
				CLANG_WARN_QUOTED_INCLUDE_IN_FRAMEWORK_HEADER = YES;
				CLANG_WARN_RANGE_LOOP_ANALYSIS = YES;
				CLANG_WARN_STRICT_PROTOTYPES = YES;
				CLANG_WARN_SUSPICIOUS_MOVE = YES;
				CLANG_WARN_UNGUARDED_AVAILABILITY = YES_AGGRESSIVE;
				CLANG_WARN_UNREACHABLE_CODE = YES;
				CLANG_WARN__DUPLICATE_METHOD_MATCH = YES;
				COPY_PHASE_STRIP = NO;
				DEBUG_INFORMATION_FORMAT = dwarf;
				ENABLE_STRICT_OBJC_MSGSEND = YES;
				ENABLE_TESTABILITY = YES;
				ENABLE_USER_SCRIPT_SANDBOXING = YES;
				GCC_C_LANGUAGE_STANDARD = gnu17;
				GCC_DYNAMIC_NO_PIC = NO;
				GCC_NO_COMMON_BLOCKS = YES;
				GCC_OPTIMIZATION_LEVEL = 0;
				GCC_PREPROCESSOR_DEFINITIONS = (
					"DEBUG=1",
					"$(inherited)",
				);
				GCC_WARN_64_TO_32_BIT_CONVERSION = YES;
				GCC_WARN_ABOUT_RETURN_TYPE = YES_ERROR;
				GCC_WARN_UNDECLARED_SELECTOR = YES;
				GCC_WARN_UNINITIALIZED_AUTOS = YES_AGGRESSIVE;
				GCC_WARN_UNUSED_FUNCTION = YES;
				GCC_WARN_UNUSED_VARIABLE = YES;
				IPHONEOS_DEPLOYMENT_TARGET = 17.0;
				LOCALIZATION_PREFERS_STRING_CATALOGS = YES;
				MTL_ENABLE_DEBUG_INFO = INCLUDE_SOURCE;
				MTL_FAST_MATH = YES;
				ONLY_ACTIVE_ARCH = YES;
				SDKROOT = iphoneos;
				SWIFT_ACTIVE_COMPILATION_CONDITIONS = "DEBUG $(inherited)";
				SWIFT_OPTIMIZATION_LEVEL = "-Onone";
			};
			name = Debug;
		};
		04D367222B3CA4AE002D635F /* Release */ = {
			isa = XCBuildConfiguration;
			buildSettings = {
				ALWAYS_SEARCH_USER_PATHS = NO;
				ASSETCATALOG_COMPILER_GENERATE_SWIFT_ASSET_SYMBOL_EXTENSIONS = YES;
				CLANG_ANALYZER_NONNULL = YES;
				CLANG_ANALYZER_NUMBER_OBJECT_CONVERSION = YES_AGGRESSIVE;
				CLANG_CXX_LANGUAGE_STANDARD = "gnu++20";
				CLANG_ENABLE_MODULES = YES;
				CLANG_ENABLE_OBJC_ARC = YES;
				CLANG_ENABLE_OBJC_WEAK = YES;
				CLANG_WARN_BLOCK_CAPTURE_AUTORELEASING = YES;
				CLANG_WARN_BOOL_CONVERSION = YES;
				CLANG_WARN_COMMA = YES;
				CLANG_WARN_CONSTANT_CONVERSION = YES;
				CLANG_WARN_DEPRECATED_OBJC_IMPLEMENTATIONS = YES;
				CLANG_WARN_DIRECT_OBJC_ISA_USAGE = YES_ERROR;
				CLANG_WARN_DOCUMENTATION_COMMENTS = YES;
				CLANG_WARN_EMPTY_BODY = YES;
				CLANG_WARN_ENUM_CONVERSION = YES;
				CLANG_WARN_INFINITE_RECURSION = YES;
				CLANG_WARN_INT_CONVERSION = YES;
				CLANG_WARN_NON_LITERAL_NULL_CONVERSION = YES;
				CLANG_WARN_OBJC_IMPLICIT_RETAIN_SELF = YES;
				CLANG_WARN_OBJC_LITERAL_CONVERSION = YES;
				CLANG_WARN_OBJC_ROOT_CLASS = YES_ERROR;
				CLANG_WARN_QUOTED_INCLUDE_IN_FRAMEWORK_HEADER = YES;
				CLANG_WARN_RANGE_LOOP_ANALYSIS = YES;
				CLANG_WARN_STRICT_PROTOTYPES = YES;
				CLANG_WARN_SUSPICIOUS_MOVE = YES;
				CLANG_WARN_UNGUARDED_AVAILABILITY = YES_AGGRESSIVE;
				CLANG_WARN_UNREACHABLE_CODE = YES;
				CLANG_WARN__DUPLICATE_METHOD_MATCH = YES;
				COPY_PHASE_STRIP = NO;
				DEBUG_INFORMATION_FORMAT = "dwarf-with-dsym";
				ENABLE_NS_ASSERTIONS = NO;
				ENABLE_STRICT_OBJC_MSGSEND = YES;
				ENABLE_USER_SCRIPT_SANDBOXING = YES;
				GCC_C_LANGUAGE_STANDARD = gnu17;
				GCC_NO_COMMON_BLOCKS = YES;
				GCC_WARN_64_TO_32_BIT_CONVERSION = YES;
				GCC_WARN_ABOUT_RETURN_TYPE = YES_ERROR;
				GCC_WARN_UNDECLARED_SELECTOR = YES;
				GCC_WARN_UNINITIALIZED_AUTOS = YES_AGGRESSIVE;
				GCC_WARN_UNUSED_FUNCTION = YES;
				GCC_WARN_UNUSED_VARIABLE = YES;
				IPHONEOS_DEPLOYMENT_TARGET = 17.0;
				LOCALIZATION_PREFERS_STRING_CATALOGS = YES;
				MTL_ENABLE_DEBUG_INFO = NO;
				MTL_FAST_MATH = YES;
				SDKROOT = iphoneos;
				SWIFT_COMPILATION_MODE = wholemodule;
				VALIDATE_PRODUCT = YES;
			};
			name = Release;
		};
		04D367242B3CA4AE002D635F /* Debug */ = {
			isa = XCBuildConfiguration;
			buildSettings = {
				ASSETCATALOG_COMPILER_APPICON_NAME = AppIcon;
				ASSETCATALOG_COMPILER_GLOBAL_ACCENT_COLOR_NAME = AccentColor;
				CODE_SIGN_STYLE = Automatic;
				CURRENT_PROJECT_VERSION = 1;
				GENERATE_INFOPLIST_FILE = YES;
				INFOPLIST_FILE = "Basic request/Info.plist";
				INFOPLIST_KEY_UIApplicationSupportsIndirectInputEvents = YES;
				INFOPLIST_KEY_UILaunchStoryboardName = LaunchScreen;
				INFOPLIST_KEY_UIMainStoryboardFile = Main;
				INFOPLIST_KEY_UISupportedInterfaceOrientations_iPad = "UIInterfaceOrientationPortrait UIInterfaceOrientationPortraitUpsideDown UIInterfaceOrientationLandscapeLeft UIInterfaceOrientationLandscapeRight";
				INFOPLIST_KEY_UISupportedInterfaceOrientations_iPhone = "UIInterfaceOrientationPortrait UIInterfaceOrientationLandscapeLeft UIInterfaceOrientationLandscapeRight";
				LD_RUNPATH_SEARCH_PATHS = (
					"$(inherited)",
					"@executable_path/Frameworks",
				);
				MARKETING_VERSION = 1.0;
				PRODUCT_BUNDLE_IDENTIFIER = "Heorhii.Basic-request";
				PRODUCT_NAME = "$(TARGET_NAME)";
				SWIFT_EMIT_LOC_STRINGS = YES;
				SWIFT_VERSION = 5.0;
				TARGETED_DEVICE_FAMILY = "1,2";
			};
			name = Debug;
		};
		04D367252B3CA4AE002D635F /* Release */ = {
			isa = XCBuildConfiguration;
			buildSettings = {
				ASSETCATALOG_COMPILER_APPICON_NAME = AppIcon;
				ASSETCATALOG_COMPILER_GLOBAL_ACCENT_COLOR_NAME = AccentColor;
				CODE_SIGN_STYLE = Automatic;
				CURRENT_PROJECT_VERSION = 1;
				GENERATE_INFOPLIST_FILE = YES;
				INFOPLIST_FILE = "Basic request/Info.plist";
				INFOPLIST_KEY_UIApplicationSupportsIndirectInputEvents = YES;
				INFOPLIST_KEY_UILaunchStoryboardName = LaunchScreen;
				INFOPLIST_KEY_UIMainStoryboardFile = Main;
				INFOPLIST_KEY_UISupportedInterfaceOrientations_iPad = "UIInterfaceOrientationPortrait UIInterfaceOrientationPortraitUpsideDown UIInterfaceOrientationLandscapeLeft UIInterfaceOrientationLandscapeRight";
				INFOPLIST_KEY_UISupportedInterfaceOrientations_iPhone = "UIInterfaceOrientationPortrait UIInterfaceOrientationLandscapeLeft UIInterfaceOrientationLandscapeRight";
				LD_RUNPATH_SEARCH_PATHS = (
					"$(inherited)",
					"@executable_path/Frameworks",
				);
				MARKETING_VERSION = 1.0;
				PRODUCT_BUNDLE_IDENTIFIER = "Heorhii.Basic-request";
				PRODUCT_NAME = "$(TARGET_NAME)";
				SWIFT_EMIT_LOC_STRINGS = YES;
				SWIFT_VERSION = 5.0;
				TARGETED_DEVICE_FAMILY = "1,2";
			};
			name = Release;
		};
/* End XCBuildConfiguration section */

/* Begin XCConfigurationList section */
		04D3670A2B3CA4AD002D635F /* Build configuration list for PBXProject "Basic request" */ = {
			isa = XCConfigurationList;
			buildConfigurations = (
				04D367212B3CA4AE002D635F /* Debug */,
				04D367222B3CA4AE002D635F /* Release */,
			);
			defaultConfigurationIsVisible = 0;
			defaultConfigurationName = Release;
		};
		04D367232B3CA4AE002D635F /* Build configuration list for PBXNativeTarget "Basic request" */ = {
			isa = XCConfigurationList;
			buildConfigurations = (
				04D367242B3CA4AE002D635F /* Debug */,
				04D367252B3CA4AE002D635F /* Release */,
			);
			defaultConfigurationIsVisible = 0;
			defaultConfigurationName = Release;
		};
/* End XCConfigurationList section */
	};
	rootObject = 04D367072B3CA4AD002D635F /* Project object */;
}
