// !$*UTF8*$!
{
	archiveVersion = 1;
	classes = {
	};
	objectVersion = 56;
	objects = {

/* Begin PBXBuildFile section */
		043560682B0F84B7008A1E65 /* TableViewCellViewModelType.swift in Sources */ = {isa = PBXBuildFile; fileRef = 043560672B0F84B7008A1E65 /* TableViewCellViewModelType.swift */; };
		0435606A2B0F84F8008A1E65 /* TableViewCellViewModel.swift in Sources */ = {isa = PBXBuildFile; fileRef = 043560692B0F84F8008A1E65 /* TableViewCellViewModel.swift */; };
		04643CB22B0EB0FC00795669 /* ViewModel.swift in Sources */ = {isa = PBXBuildFile; fileRef = 04643CB12B0EB0FC00795669 /* ViewModel.swift */; };
		04643CB52B0EB18200795669 /* TableViewViewModelType.swift in Sources */ = {isa = PBXBuildFile; fileRef = 04643CB42B0EB18200795669 /* TableViewViewModelType.swift */; };
		0466182E2B0E7C6300FBD8BA /* AppDelegate.swift in Sources */ = {isa = PBXBuildFile; fileRef = 0466182D2B0E7C6300FBD8BA /* AppDelegate.swift */; };
		046618302B0E7C6300FBD8BA /* SceneDelegate.swift in Sources */ = {isa = PBXBuildFile; fileRef = 0466182F2B0E7C6300FBD8BA /* SceneDelegate.swift */; };
		046618352B0E7C6300FBD8BA /* Main.storyboard in Resources */ = {isa = PBXBuildFile; fileRef = 046618332B0E7C6300FBD8BA /* Main.storyboard */; };
		046618372B0E7C6400FBD8BA /* Assets.xcassets in Resources */ = {isa = PBXBuildFile; fileRef = 046618362B0E7C6400FBD8BA /* Assets.xcassets */; };
		0466183A2B0E7C6400FBD8BA /* LaunchScreen.storyboard in Resources */ = {isa = PBXBuildFile; fileRef = 046618382B0E7C6400FBD8BA /* LaunchScreen.storyboard */; };
		046618422B0E7C8E00FBD8BA /* TableViewController.swift in Sources */ = {isa = PBXBuildFile; fileRef = 046618412B0E7C8E00FBD8BA /* TableViewController.swift */; };
		046618442B0E7CE600FBD8BA /* TableViewCell.swift in Sources */ = {isa = PBXBuildFile; fileRef = 046618432B0E7CE600FBD8BA /* TableViewCell.swift */; };
		046618462B0E7DEC00FBD8BA /* ProfileModel.swift in Sources */ = {isa = PBXBuildFile; fileRef = 046618452B0E7DEC00FBD8BA /* ProfileModel.swift */; };
		04BBBBB22B0FC87D007AFD26 /* DetailViewController.swift in Sources */ = {isa = PBXBuildFile; fileRef = 04BBBBB12B0FC87D007AFD26 /* DetailViewController.swift */; };
		04BBBBB42B0FCA5C007AFD26 /* DetailViewModelType.swift in Sources */ = {isa = PBXBuildFile; fileRef = 04BBBBB32B0FCA5C007AFD26 /* DetailViewModelType.swift */; };
		04BBBBB62B0FCA98007AFD26 /* DetailViewModel.swift in Sources */ = {isa = PBXBuildFile; fileRef = 04BBBBB52B0FCA98007AFD26 /* DetailViewModel.swift */; };
		04F4D1B72B10AA870058BD23 /* IdentifireEnum.swift in Sources */ = {isa = PBXBuildFile; fileRef = 04F4D1B62B10AA870058BD23 /* IdentifireEnum.swift */; };
/* End PBXBuildFile section */

/* Begin PBXFileReference section */
		043560672B0F84B7008A1E65 /* TableViewCellViewModelType.swift */ = {isa = PBXFileReference; lastKnownFileType = sourcecode.swift; path = TableViewCellViewModelType.swift; sourceTree = "<group>"; };
		043560692B0F84F8008A1E65 /* TableViewCellViewModel.swift */ = {isa = PBXFileReference; lastKnownFileType = sourcecode.swift; path = TableViewCellViewModel.swift; sourceTree = "<group>"; };
		04643CB12B0EB0FC00795669 /* ViewModel.swift */ = {isa = PBXFileReference; lastKnownFileType = sourcecode.swift; path = ViewModel.swift; sourceTree = "<group>"; };
		04643CB42B0EB18200795669 /* TableViewViewModelType.swift */ = {isa = PBXFileReference; lastKnownFileType = sourcecode.swift; path = TableViewViewModelType.swift; sourceTree = "<group>"; };
		0466182A2B0E7C6300FBD8BA /* MVVM practice.app */ = {isa = PBXFileReference; explicitFileType = wrapper.application; includeInIndex = 0; path = "MVVM practice.app"; sourceTree = BUILT_PRODUCTS_DIR; };
		0466182D2B0E7C6300FBD8BA /* AppDelegate.swift */ = {isa = PBXFileReference; lastKnownFileType = sourcecode.swift; path = AppDelegate.swift; sourceTree = "<group>"; };
		0466182F2B0E7C6300FBD8BA /* SceneDelegate.swift */ = {isa = PBXFileReference; lastKnownFileType = sourcecode.swift; path = SceneDelegate.swift; sourceTree = "<group>"; };
		046618342B0E7C6300FBD8BA /* Base */ = {isa = PBXFileReference; lastKnownFileType = file.storyboard; name = Base; path = Base.lproj/Main.storyboard; sourceTree = "<group>"; };
		046618362B0E7C6400FBD8BA /* Assets.xcassets */ = {isa = PBXFileReference; lastKnownFileType = folder.assetcatalog; path = Assets.xcassets; sourceTree = "<group>"; };
		046618392B0E7C6400FBD8BA /* Base */ = {isa = PBXFileReference; lastKnownFileType = file.storyboard; name = Base; path = Base.lproj/LaunchScreen.storyboard; sourceTree = "<group>"; };
		0466183B2B0E7C6400FBD8BA /* Info.plist */ = {isa = PBXFileReference; lastKnownFileType = text.plist.xml; path = Info.plist; sourceTree = "<group>"; };
		046618412B0E7C8E00FBD8BA /* TableViewController.swift */ = {isa = PBXFileReference; lastKnownFileType = sourcecode.swift; path = TableViewController.swift; sourceTree = "<group>"; };
		046618432B0E7CE600FBD8BA /* TableViewCell.swift */ = {isa = PBXFileReference; lastKnownFileType = sourcecode.swift; path = TableViewCell.swift; sourceTree = "<group>"; };
		046618452B0E7DEC00FBD8BA /* ProfileModel.swift */ = {isa = PBXFileReference; lastKnownFileType = sourcecode.swift; path = ProfileModel.swift; sourceTree = "<group>"; };
		04BBBBB12B0FC87D007AFD26 /* DetailViewController.swift */ = {isa = PBXFileReference; lastKnownFileType = sourcecode.swift; path = DetailViewController.swift; sourceTree = "<group>"; };
		04BBBBB32B0FCA5C007AFD26 /* DetailViewModelType.swift */ = {isa = PBXFileReference; lastKnownFileType = sourcecode.swift; path = DetailViewModelType.swift; sourceTree = "<group>"; };
		04BBBBB52B0FCA98007AFD26 /* DetailViewModel.swift */ = {isa = PBXFileReference; lastKnownFileType = sourcecode.swift; path = DetailViewModel.swift; sourceTree = "<group>"; };
		04F4D1B62B10AA870058BD23 /* IdentifireEnum.swift */ = {isa = PBXFileReference; lastKnownFileType = sourcecode.swift; path = IdentifireEnum.swift; sourceTree = "<group>"; };
/* End PBXFileReference section */

/* Begin PBXFrameworksBuildPhase section */
		046618272B0E7C6300FBD8BA /* Frameworks */ = {
			isa = PBXFrameworksBuildPhase;
			buildActionMask = 2147483647;
			files = (
			);
			runOnlyForDeploymentPostprocessing = 0;
		};
/* End PBXFrameworksBuildPhase section */

/* Begin PBXGroup section */
		04643CB32B0EB15700795669 /* Protocols */ = {
			isa = PBXGroup;
			children = (
				04643CB42B0EB18200795669 /* TableViewViewModelType.swift */,
				043560672B0F84B7008A1E65 /* TableViewCellViewModelType.swift */,
				04BBBBB32B0FCA5C007AFD26 /* DetailViewModelType.swift */,
			);
			path = Protocols;
			sourceTree = "<group>";
		};
		04643CB62B0EB29D00795669 /* ViewModel */ = {
			isa = PBXGroup;
			children = (
				04643CB12B0EB0FC00795669 /* ViewModel.swift */,
				043560692B0F84F8008A1E65 /* TableViewCellViewModel.swift */,
				04BBBBB52B0FCA98007AFD26 /* DetailViewModel.swift */,
			);
			path = ViewModel;
			sourceTree = "<group>";
		};
		046618212B0E7C6300FBD8BA = {
			isa = PBXGroup;
			children = (
				0466182C2B0E7C6300FBD8BA /* MVVM practice */,
				0466182B2B0E7C6300FBD8BA /* Products */,
			);
			sourceTree = "<group>";
		};
		0466182B2B0E7C6300FBD8BA /* Products */ = {
			isa = PBXGroup;
			children = (
				0466182A2B0E7C6300FBD8BA /* MVVM practice.app */,
			);
			name = Products;
			sourceTree = "<group>";
		};
		0466182C2B0E7C6300FBD8BA /* MVVM practice */ = {
			isa = PBXGroup;
			children = (
				0466182D2B0E7C6300FBD8BA /* AppDelegate.swift */,
				0466182F2B0E7C6300FBD8BA /* SceneDelegate.swift */,
				046618472B0E81AC00FBD8BA /* Model */,
				046618482B0E81CA00FBD8BA /* View */,
				04643CB62B0EB29D00795669 /* ViewModel */,
				04643CB32B0EB15700795669 /* Protocols */,
				04F4D1B82B10AA8E0058BD23 /* Enums */,
				046618332B0E7C6300FBD8BA /* Main.storyboard */,
				046618362B0E7C6400FBD8BA /* Assets.xcassets */,
				046618382B0E7C6400FBD8BA /* LaunchScreen.storyboard */,
				0466183B2B0E7C6400FBD8BA /* Info.plist */,
			);
			path = "MVVM practice";
			sourceTree = "<group>";
		};
		046618472B0E81AC00FBD8BA /* Model */ = {
			isa = PBXGroup;
			children = (
				046618452B0E7DEC00FBD8BA /* ProfileModel.swift */,
			);
			path = Model;
			sourceTree = "<group>";
		};
		046618482B0E81CA00FBD8BA /* View */ = {
			isa = PBXGroup;
			children = (
				046618412B0E7C8E00FBD8BA /* TableViewController.swift */,
				046618432B0E7CE600FBD8BA /* TableViewCell.swift */,
				04BBBBB12B0FC87D007AFD26 /* DetailViewController.swift */,
			);
			path = View;
			sourceTree = "<group>";
		};
		04F4D1B82B10AA8E0058BD23 /* Enums */ = {
			isa = PBXGroup;
			children = (
				04F4D1B62B10AA870058BD23 /* IdentifireEnum.swift */,
			);
			path = Enums;
			sourceTree = "<group>";
		};
/* End PBXGroup section */

/* Begin PBXNativeTarget section */
		046618292B0E7C6300FBD8BA /* MVVM practice */ = {
			isa = PBXNativeTarget;
			buildConfigurationList = 0466183E2B0E7C6400FBD8BA /* Build configuration list for PBXNativeTarget "MVVM practice" */;
			buildPhases = (
				046618262B0E7C6300FBD8BA /* Sources */,
				046618272B0E7C6300FBD8BA /* Frameworks */,
				046618282B0E7C6300FBD8BA /* Resources */,
			);
			buildRules = (
			);
			dependencies = (
			);
			name = "MVVM practice";
			productName = "MVVM practice";
			productReference = 0466182A2B0E7C6300FBD8BA /* MVVM practice.app */;
			productType = "com.apple.product-type.application";
		};
/* End PBXNativeTarget section */

/* Begin PBXProject section */
		046618222B0E7C6300FBD8BA /* Project object */ = {
			isa = PBXProject;
			attributes = {
				BuildIndependentTargetsInParallel = 1;
				LastSwiftUpdateCheck = 1500;
				LastUpgradeCheck = 1500;
				TargetAttributes = {
					046618292B0E7C6300FBD8BA = {
						CreatedOnToolsVersion = 15.0.1;
					};
				};
			};
			buildConfigurationList = 046618252B0E7C6300FBD8BA /* Build configuration list for PBXProject "MVVM practice" */;
			compatibilityVersion = "Xcode 14.0";
			developmentRegion = en;
			hasScannedForEncodings = 0;
			knownRegions = (
				en,
				Base,
			);
			mainGroup = 046618212B0E7C6300FBD8BA;
			productRefGroup = 0466182B2B0E7C6300FBD8BA /* Products */;
			projectDirPath = "";
			projectRoot = "";
			targets = (
				046618292B0E7C6300FBD8BA /* MVVM practice */,
			);
		};
/* End PBXProject section */

/* Begin PBXResourcesBuildPhase section */
		046618282B0E7C6300FBD8BA /* Resources */ = {
			isa = PBXResourcesBuildPhase;
			buildActionMask = 2147483647;
			files = (
				0466183A2B0E7C6400FBD8BA /* LaunchScreen.storyboard in Resources */,
				046618372B0E7C6400FBD8BA /* Assets.xcassets in Resources */,
				046618352B0E7C6300FBD8BA /* Main.storyboard in Resources */,
			);
			runOnlyForDeploymentPostprocessing = 0;
		};
/* End PBXResourcesBuildPhase section */

/* Begin PBXSourcesBuildPhase section */
		046618262B0E7C6300FBD8BA /* Sources */ = {
			isa = PBXSourcesBuildPhase;
			buildActionMask = 2147483647;
			files = (
				043560682B0F84B7008A1E65 /* TableViewCellViewModelType.swift in Sources */,
				046618462B0E7DEC00FBD8BA /* ProfileModel.swift in Sources */,
				0466182E2B0E7C6300FBD8BA /* AppDelegate.swift in Sources */,
				046618442B0E7CE600FBD8BA /* TableViewCell.swift in Sources */,
				046618422B0E7C8E00FBD8BA /* TableViewController.swift in Sources */,
				04643CB52B0EB18200795669 /* TableViewViewModelType.swift in Sources */,
				04BBBBB42B0FCA5C007AFD26 /* DetailViewModelType.swift in Sources */,
				04F4D1B72B10AA870058BD23 /* IdentifireEnum.swift in Sources */,
				04BBBBB62B0FCA98007AFD26 /* DetailViewModel.swift in Sources */,
				0435606A2B0F84F8008A1E65 /* TableViewCellViewModel.swift in Sources */,
				04BBBBB22B0FC87D007AFD26 /* DetailViewController.swift in Sources */,
				04643CB22B0EB0FC00795669 /* ViewModel.swift in Sources */,
				046618302B0E7C6300FBD8BA /* SceneDelegate.swift in Sources */,
			);
			runOnlyForDeploymentPostprocessing = 0;
		};
/* End PBXSourcesBuildPhase section */

/* Begin PBXVariantGroup section */
		046618332B0E7C6300FBD8BA /* Main.storyboard */ = {
			isa = PBXVariantGroup;
			children = (
				046618342B0E7C6300FBD8BA /* Base */,
			);
			name = Main.storyboard;
			sourceTree = "<group>";
		};
		046618382B0E7C6400FBD8BA /* LaunchScreen.storyboard */ = {
			isa = PBXVariantGroup;
			children = (
				046618392B0E7C6400FBD8BA /* Base */,
			);
			name = LaunchScreen.storyboard;
			sourceTree = "<group>";
		};
/* End PBXVariantGroup section */

/* Begin XCBuildConfiguration section */
		0466183C2B0E7C6400FBD8BA /* Debug */ = {
			isa = XCBuildConfiguration;
			buildSettings = {
				ALWAYS_SEARCH_USER_PATHS = NO;
				ASSETCATALOG_COMPILER_GENERATE_SWIFT_ASSET_SYMBOL_EXTENSIONS = YES;
				CLANG_ANALYZER_NONNULL = YES;
				CLANG_ANALYZER_NUMBER_OBJECT_CONVERSION = YES_AGGRESSIVE;
				CLANG_CXX_LANGUAGE_STANDARD = "gnu++20";
				CLANG_ENABLE_MODULES = YES;
				CLANG_ENABLE_OBJC_ARC = YES;
				CLANG_ENABLE_OBJC_WEAK = YES;
				CLANG_WARN_BLOCK_CAPTURE_AUTORELEASING = YES;
				CLANG_WARN_BOOL_CONVERSION = YES;
				CLANG_WARN_COMMA = YES;
				CLANG_WARN_CONSTANT_CONVERSION = YES;
				CLANG_WARN_DEPRECATED_OBJC_IMPLEMENTATIONS = YES;
				CLANG_WARN_DIRECT_OBJC_ISA_USAGE = YES_ERROR;
				CLANG_WARN_DOCUMENTATION_COMMENTS = YES;
				CLANG_WARN_EMPTY_BODY = YES;
				CLANG_WARN_ENUM_CONVERSION = YES;
				CLANG_WARN_INFINITE_RECURSION = YES;
				CLANG_WARN_INT_CONVERSION = YES;
				CLANG_WARN_NON_LITERAL_NULL_CONVERSION = YES;
				CLANG_WARN_OBJC_IMPLICIT_RETAIN_SELF = YES;
				CLANG_WARN_OBJC_LITERAL_CONVERSION = YES;
				CLANG_WARN_OBJC_ROOT_CLASS = YES_ERROR;
				CLANG_WARN_QUOTED_INCLUDE_IN_FRAMEWORK_HEADER = YES;
				CLANG_WARN_RANGE_LOOP_ANALYSIS = YES;
				CLANG_WARN_STRICT_PROTOTYPES = YES;
				CLANG_WARN_SUSPICIOUS_MOVE = YES;
				CLANG_WARN_UNGUARDED_AVAILABILITY = YES_AGGRESSIVE;
				CLANG_WARN_UNREACHABLE_CODE = YES;
				CLANG_WARN__DUPLICATE_METHOD_MATCH = YES;
				COPY_PHASE_STRIP = NO;
				DEBUG_INFORMATION_FORMAT = dwarf;
				ENABLE_STRICT_OBJC_MSGSEND = YES;
				ENABLE_TESTABILITY = YES;
				ENABLE_USER_SCRIPT_SANDBOXING = YES;
				GCC_C_LANGUAGE_STANDARD = gnu17;
				GCC_DYNAMIC_NO_PIC = NO;
				GCC_NO_COMMON_BLOCKS = YES;
				GCC_OPTIMIZATION_LEVEL = 0;
				GCC_PREPROCESSOR_DEFINITIONS = (
					"DEBUG=1",
					"$(inherited)",
				);
				GCC_WARN_64_TO_32_BIT_CONVERSION = YES;
				GCC_WARN_ABOUT_RETURN_TYPE = YES_ERROR;
				GCC_WARN_UNDECLARED_SELECTOR = YES;
				GCC_WARN_UNINITIALIZED_AUTOS = YES_AGGRESSIVE;
				GCC_WARN_UNUSED_FUNCTION = YES;
				GCC_WARN_UNUSED_VARIABLE = YES;
				IPHONEOS_DEPLOYMENT_TARGET = 17.0;
				LOCALIZATION_PREFERS_STRING_CATALOGS = YES;
				MTL_ENABLE_DEBUG_INFO = INCLUDE_SOURCE;
				MTL_FAST_MATH = YES;
				ONLY_ACTIVE_ARCH = YES;
				SDKROOT = iphoneos;
				SWIFT_ACTIVE_COMPILATION_CONDITIONS = "DEBUG $(inherited)";
				SWIFT_OPTIMIZATION_LEVEL = "-Onone";
			};
			name = Debug;
		};
		0466183D2B0E7C6400FBD8BA /* Release */ = {
			isa = XCBuildConfiguration;
			buildSettings = {
				ALWAYS_SEARCH_USER_PATHS = NO;
				ASSETCATALOG_COMPILER_GENERATE_SWIFT_ASSET_SYMBOL_EXTENSIONS = YES;
				CLANG_ANALYZER_NONNULL = YES;
				CLANG_ANALYZER_NUMBER_OBJECT_CONVERSION = YES_AGGRESSIVE;
				CLANG_CXX_LANGUAGE_STANDARD = "gnu++20";
				CLANG_ENABLE_MODULES = YES;
				CLANG_ENABLE_OBJC_ARC = YES;
				CLANG_ENABLE_OBJC_WEAK = YES;
				CLANG_WARN_BLOCK_CAPTURE_AUTORELEASING = YES;
				CLANG_WARN_BOOL_CONVERSION = YES;
				CLANG_WARN_COMMA = YES;
				CLANG_WARN_CONSTANT_CONVERSION = YES;
				CLANG_WARN_DEPRECATED_OBJC_IMPLEMENTATIONS = YES;
				CLANG_WARN_DIRECT_OBJC_ISA_USAGE = YES_ERROR;
				CLANG_WARN_DOCUMENTATION_COMMENTS = YES;
				CLANG_WARN_EMPTY_BODY = YES;
				CLANG_WARN_ENUM_CONVERSION = YES;
				CLANG_WARN_INFINITE_RECURSION = YES;
				CLANG_WARN_INT_CONVERSION = YES;
				CLANG_WARN_NON_LITERAL_NULL_CONVERSION = YES;
				CLANG_WARN_OBJC_IMPLICIT_RETAIN_SELF = YES;
				CLANG_WARN_OBJC_LITERAL_CONVERSION = YES;
				CLANG_WARN_OBJC_ROOT_CLASS = YES_ERROR;
				CLANG_WARN_QUOTED_INCLUDE_IN_FRAMEWORK_HEADER = YES;
				CLANG_WARN_RANGE_LOOP_ANALYSIS = YES;
				CLANG_WARN_STRICT_PROTOTYPES = YES;
				CLANG_WARN_SUSPICIOUS_MOVE = YES;
				CLANG_WARN_UNGUARDED_AVAILABILITY = YES_AGGRESSIVE;
				CLANG_WARN_UNREACHABLE_CODE = YES;
				CLANG_WARN__DUPLICATE_METHOD_MATCH = YES;
				COPY_PHASE_STRIP = NO;
				DEBUG_INFORMATION_FORMAT = "dwarf-with-dsym";
				ENABLE_NS_ASSERTIONS = NO;
				ENABLE_STRICT_OBJC_MSGSEND = YES;
				ENABLE_USER_SCRIPT_SANDBOXING = YES;
				GCC_C_LANGUAGE_STANDARD = gnu17;
				GCC_NO_COMMON_BLOCKS = YES;
				GCC_WARN_64_TO_32_BIT_CONVERSION = YES;
				GCC_WARN_ABOUT_RETURN_TYPE = YES_ERROR;
				GCC_WARN_UNDECLARED_SELECTOR = YES;
				GCC_WARN_UNINITIALIZED_AUTOS = YES_AGGRESSIVE;
				GCC_WARN_UNUSED_FUNCTION = YES;
				GCC_WARN_UNUSED_VARIABLE = YES;
				IPHONEOS_DEPLOYMENT_TARGET = 17.0;
				LOCALIZATION_PREFERS_STRING_CATALOGS = YES;
				MTL_ENABLE_DEBUG_INFO = NO;
				MTL_FAST_MATH = YES;
				SDKROOT = iphoneos;
				SWIFT_COMPILATION_MODE = wholemodule;
				VALIDATE_PRODUCT = YES;
			};
			name = Release;
		};
		0466183F2B0E7C6400FBD8BA /* Debug */ = {
			isa = XCBuildConfiguration;
			buildSettings = {
				ASSETCATALOG_COMPILER_APPICON_NAME = AppIcon;
				ASSETCATALOG_COMPILER_GLOBAL_ACCENT_COLOR_NAME = AccentColor;
				CODE_SIGN_STYLE = Automatic;
				CURRENT_PROJECT_VERSION = 1;
				GENERATE_INFOPLIST_FILE = YES;
				INFOPLIST_FILE = "MVVM practice/Info.plist";
				INFOPLIST_KEY_UIApplicationSupportsIndirectInputEvents = YES;
				INFOPLIST_KEY_UILaunchStoryboardName = LaunchScreen;
				INFOPLIST_KEY_UIMainStoryboardFile = Main;
				INFOPLIST_KEY_UISupportedInterfaceOrientations_iPad = "UIInterfaceOrientationPortrait UIInterfaceOrientationPortraitUpsideDown UIInterfaceOrientationLandscapeLeft UIInterfaceOrientationLandscapeRight";
				INFOPLIST_KEY_UISupportedInterfaceOrientations_iPhone = "UIInterfaceOrientationPortrait UIInterfaceOrientationLandscapeLeft UIInterfaceOrientationLandscapeRight";
				LD_RUNPATH_SEARCH_PATHS = (
					"$(inherited)",
					"@executable_path/Frameworks",
				);
				MARKETING_VERSION = 1.0;
				PRODUCT_BUNDLE_IDENTIFIER = "Heorhii.MVVM-practice";
				PRODUCT_NAME = "$(TARGET_NAME)";
				SWIFT_EMIT_LOC_STRINGS = YES;
				SWIFT_VERSION = 5.0;
				TARGETED_DEVICE_FAMILY = "1,2";
			};
			name = Debug;
		};
		046618402B0E7C6400FBD8BA /* Release */ = {
			isa = XCBuildConfiguration;
			buildSettings = {
				ASSETCATALOG_COMPILER_APPICON_NAME = AppIcon;
				ASSETCATALOG_COMPILER_GLOBAL_ACCENT_COLOR_NAME = AccentColor;
				CODE_SIGN_STYLE = Automatic;
				CURRENT_PROJECT_VERSION = 1;
				GENERATE_INFOPLIST_FILE = YES;
				INFOPLIST_FILE = "MVVM practice/Info.plist";
				INFOPLIST_KEY_UIApplicationSupportsIndirectInputEvents = YES;
				INFOPLIST_KEY_UILaunchStoryboardName = LaunchScreen;
				INFOPLIST_KEY_UIMainStoryboardFile = Main;
				INFOPLIST_KEY_UISupportedInterfaceOrientations_iPad = "UIInterfaceOrientationPortrait UIInterfaceOrientationPortraitUpsideDown UIInterfaceOrientationLandscapeLeft UIInterfaceOrientationLandscapeRight";
				INFOPLIST_KEY_UISupportedInterfaceOrientations_iPhone = "UIInterfaceOrientationPortrait UIInterfaceOrientationLandscapeLeft UIInterfaceOrientationLandscapeRight";
				LD_RUNPATH_SEARCH_PATHS = (
					"$(inherited)",
					"@executable_path/Frameworks",
				);
				MARKETING_VERSION = 1.0;
				PRODUCT_BUNDLE_IDENTIFIER = "Heorhii.MVVM-practice";
				PRODUCT_NAME = "$(TARGET_NAME)";
				SWIFT_EMIT_LOC_STRINGS = YES;
				SWIFT_VERSION = 5.0;
				TARGETED_DEVICE_FAMILY = "1,2";
			};
			name = Release;
		};
/* End XCBuildConfiguration section */

/* Begin XCConfigurationList section */
		046618252B0E7C6300FBD8BA /* Build configuration list for PBXProject "MVVM practice" */ = {
			isa = XCConfigurationList;
			buildConfigurations = (
				0466183C2B0E7C6400FBD8BA /* Debug */,
				0466183D2B0E7C6400FBD8BA /* Release */,
			);
			defaultConfigurationIsVisible = 0;
			defaultConfigurationName = Release;
		};
		0466183E2B0E7C6400FBD8BA /* Build configuration list for PBXNativeTarget "MVVM practice" */ = {
			isa = XCConfigurationList;
			buildConfigurations = (
				0466183F2B0E7C6400FBD8BA /* Debug */,
				046618402B0E7C6400FBD8BA /* Release */,
			);
			defaultConfigurationIsVisible = 0;
			defaultConfigurationName = Release;
		};
/* End XCConfigurationList section */
	};
	rootObject = 046618222B0E7C6300FBD8BA /* Project object */;
}
