// !$*UTF8*$!
{
	archiveVersion = 1;
	classes = {
	};
	objectVersion = 56;
	objects = {

/* Begin PBXBuildFile section */
		040183FF2B01152D0028C57D /* DataStore.swift in Sources */ = {isa = PBXBuildFile; fileRef = 040183FE2B01152D0028C57D /* DataStore.swift */; };
		040184012B0115BC0028C57D /* NetworkService.swift in Sources */ = {isa = PBXBuildFile; fileRef = 040184002B0115BC0028C57D /* NetworkService.swift */; };
		040184032B0119E30028C57D /* CountryModel.swift in Sources */ = {isa = PBXBuildFile; fileRef = 040184022B0119E30028C57D /* CountryModel.swift */; };
		040184052B011C060028C57D /* NetworkDataFetcher.swift in Sources */ = {isa = PBXBuildFile; fileRef = 040184042B011C060028C57D /* NetworkDataFetcher.swift */; };
		046338622AFEA1C5001D07BD /* AppDelegate.swift in Sources */ = {isa = PBXBuildFile; fileRef = 046338612AFEA1C5001D07BD /* AppDelegate.swift */; };
		046338642AFEA1C5001D07BD /* SceneDelegate.swift in Sources */ = {isa = PBXBuildFile; fileRef = 046338632AFEA1C5001D07BD /* SceneDelegate.swift */; };
		046338662AFEA1C5001D07BD /* ViewController.swift in Sources */ = {isa = PBXBuildFile; fileRef = 046338652AFEA1C5001D07BD /* ViewController.swift */; };
		046338692AFEA1C5001D07BD /* Main.storyboard in Resources */ = {isa = PBXBuildFile; fileRef = 046338672AFEA1C5001D07BD /* Main.storyboard */; };
		0463386B2AFEA1C7001D07BD /* Assets.xcassets in Resources */ = {isa = PBXBuildFile; fileRef = 0463386A2AFEA1C7001D07BD /* Assets.xcassets */; };
		0463386E2AFEA1C7001D07BD /* LaunchScreen.storyboard in Resources */ = {isa = PBXBuildFile; fileRef = 0463386C2AFEA1C7001D07BD /* LaunchScreen.storyboard */; };
		04B6CD992B012A6A00A2D92D /* ViewController+alertController.swift in Sources */ = {isa = PBXBuildFile; fileRef = 04B6CD982B012A6A00A2D92D /* ViewController+alertController.swift */; };
		04B6CD9C2B0136BA00A2D92D /* AppGroupModel.swift in Sources */ = {isa = PBXBuildFile; fileRef = 04B6CD9B2B0136BA00A2D92D /* AppGroupModel.swift */; };
/* End PBXBuildFile section */

/* Begin PBXFileReference section */
		040183FE2B01152D0028C57D /* DataStore.swift */ = {isa = PBXFileReference; lastKnownFileType = sourcecode.swift; path = DataStore.swift; sourceTree = "<group>"; };
		040184002B0115BC0028C57D /* NetworkService.swift */ = {isa = PBXFileReference; lastKnownFileType = sourcecode.swift; path = NetworkService.swift; sourceTree = "<group>"; };
		040184022B0119E30028C57D /* CountryModel.swift */ = {isa = PBXFileReference; lastKnownFileType = sourcecode.swift; path = CountryModel.swift; sourceTree = "<group>"; };
		040184042B011C060028C57D /* NetworkDataFetcher.swift */ = {isa = PBXFileReference; lastKnownFileType = sourcecode.swift; path = NetworkDataFetcher.swift; sourceTree = "<group>"; };
		0463385E2AFEA1C5001D07BD /* SOLID.app */ = {isa = PBXFileReference; explicitFileType = wrapper.application; includeInIndex = 0; path = SOLID.app; sourceTree = BUILT_PRODUCTS_DIR; };
		046338612AFEA1C5001D07BD /* AppDelegate.swift */ = {isa = PBXFileReference; lastKnownFileType = sourcecode.swift; path = AppDelegate.swift; sourceTree = "<group>"; };
		046338632AFEA1C5001D07BD /* SceneDelegate.swift */ = {isa = PBXFileReference; lastKnownFileType = sourcecode.swift; path = SceneDelegate.swift; sourceTree = "<group>"; };
		046338652AFEA1C5001D07BD /* ViewController.swift */ = {isa = PBXFileReference; lastKnownFileType = sourcecode.swift; path = ViewController.swift; sourceTree = "<group>"; };
		046338682AFEA1C5001D07BD /* Base */ = {isa = PBXFileReference; lastKnownFileType = file.storyboard; name = Base; path = Base.lproj/Main.storyboard; sourceTree = "<group>"; };
		0463386A2AFEA1C7001D07BD /* Assets.xcassets */ = {isa = PBXFileReference; lastKnownFileType = folder.assetcatalog; path = Assets.xcassets; sourceTree = "<group>"; };
		0463386D2AFEA1C7001D07BD /* Base */ = {isa = PBXFileReference; lastKnownFileType = file.storyboard; name = Base; path = Base.lproj/LaunchScreen.storyboard; sourceTree = "<group>"; };
		0463386F2AFEA1C7001D07BD /* Info.plist */ = {isa = PBXFileReference; lastKnownFileType = text.plist.xml; path = Info.plist; sourceTree = "<group>"; };
		04B6CD982B012A6A00A2D92D /* ViewController+alertController.swift */ = {isa = PBXFileReference; lastKnownFileType = sourcecode.swift; path = "ViewController+alertController.swift"; sourceTree = "<group>"; };
		04B6CD9B2B0136BA00A2D92D /* AppGroupModel.swift */ = {isa = PBXFileReference; lastKnownFileType = sourcecode.swift; path = AppGroupModel.swift; sourceTree = "<group>"; };
/* End PBXFileReference section */

/* Begin PBXFrameworksBuildPhase section */
		0463385B2AFEA1C5001D07BD /* Frameworks */ = {
			isa = PBXFrameworksBuildPhase;
			buildActionMask = 2147483647;
			files = (
			);
			runOnlyForDeploymentPostprocessing = 0;
		};
/* End PBXFrameworksBuildPhase section */

/* Begin PBXGroup section */
		040184062B011DBE0028C57D /* Services */ = {
			isa = PBXGroup;
			children = (
				040184072B011DCC0028C57D /* Models */,
				040184002B0115BC0028C57D /* NetworkService.swift */,
				040184042B011C060028C57D /* NetworkDataFetcher.swift */,
				040183FE2B01152D0028C57D /* DataStore.swift */,
			);
			path = Services;
			sourceTree = "<group>";
		};
		040184072B011DCC0028C57D /* Models */ = {
			isa = PBXGroup;
			children = (
				040184022B0119E30028C57D /* CountryModel.swift */,
				04B6CD9B2B0136BA00A2D92D /* AppGroupModel.swift */,
			);
			path = Models;
			sourceTree = "<group>";
		};
		046338552AFEA1C5001D07BD = {
			isa = PBXGroup;
			children = (
				046338602AFEA1C5001D07BD /* SOLID */,
				0463385F2AFEA1C5001D07BD /* Products */,
			);
			sourceTree = "<group>";
		};
		0463385F2AFEA1C5001D07BD /* Products */ = {
			isa = PBXGroup;
			children = (
				0463385E2AFEA1C5001D07BD /* SOLID.app */,
			);
			name = Products;
			sourceTree = "<group>";
		};
		046338602AFEA1C5001D07BD /* SOLID */ = {
			isa = PBXGroup;
			children = (
				046338612AFEA1C5001D07BD /* AppDelegate.swift */,
				046338632AFEA1C5001D07BD /* SceneDelegate.swift */,
				040184062B011DBE0028C57D /* Services */,
				04B6CD9A2B012A9D00A2D92D /* Controllers */,
				04B6CD972B0129DF00A2D92D /* Extensions */,
				046338672AFEA1C5001D07BD /* Main.storyboard */,
				0463386A2AFEA1C7001D07BD /* Assets.xcassets */,
				0463386C2AFEA1C7001D07BD /* LaunchScreen.storyboard */,
				0463386F2AFEA1C7001D07BD /* Info.plist */,
			);
			path = SOLID;
			sourceTree = "<group>";
		};
		04B6CD972B0129DF00A2D92D /* Extensions */ = {
			isa = PBXGroup;
			children = (
				04B6CD982B012A6A00A2D92D /* ViewController+alertController.swift */,
			);
			name = Extensions;
			sourceTree = "<group>";
		};
		04B6CD9A2B012A9D00A2D92D /* Controllers */ = {
			isa = PBXGroup;
			children = (
				046338652AFEA1C5001D07BD /* ViewController.swift */,
			);
			path = Controllers;
			sourceTree = "<group>";
		};
/* End PBXGroup section */

/* Begin PBXNativeTarget section */
		0463385D2AFEA1C5001D07BD /* SOLID */ = {
			isa = PBXNativeTarget;
			buildConfigurationList = 046338722AFEA1C7001D07BD /* Build configuration list for PBXNativeTarget "SOLID" */;
			buildPhases = (
				0463385A2AFEA1C5001D07BD /* Sources */,
				0463385B2AFEA1C5001D07BD /* Frameworks */,
				0463385C2AFEA1C5001D07BD /* Resources */,
			);
			buildRules = (
			);
			dependencies = (
			);
			name = SOLID;
			productName = SOLID;
			productReference = 0463385E2AFEA1C5001D07BD /* SOLID.app */;
			productType = "com.apple.product-type.application";
		};
/* End PBXNativeTarget section */

/* Begin PBXProject section */
		046338562AFEA1C5001D07BD /* Project object */ = {
			isa = PBXProject;
			attributes = {
				BuildIndependentTargetsInParallel = 1;
				LastSwiftUpdateCheck = 1500;
				LastUpgradeCheck = 1500;
				TargetAttributes = {
					0463385D2AFEA1C5001D07BD = {
						CreatedOnToolsVersion = 15.0.1;
					};
				};
			};
			buildConfigurationList = 046338592AFEA1C5001D07BD /* Build configuration list for PBXProject "SOLID" */;
			compatibilityVersion = "Xcode 14.0";
			developmentRegion = en;
			hasScannedForEncodings = 0;
			knownRegions = (
				en,
				Base,
			);
			mainGroup = 046338552AFEA1C5001D07BD;
			productRefGroup = 0463385F2AFEA1C5001D07BD /* Products */;
			projectDirPath = "";
			projectRoot = "";
			targets = (
				0463385D2AFEA1C5001D07BD /* SOLID */,
			);
		};
/* End PBXProject section */

/* Begin PBXResourcesBuildPhase section */
		0463385C2AFEA1C5001D07BD /* Resources */ = {
			isa = PBXResourcesBuildPhase;
			buildActionMask = 2147483647;
			files = (
				0463386E2AFEA1C7001D07BD /* LaunchScreen.storyboard in Resources */,
				0463386B2AFEA1C7001D07BD /* Assets.xcassets in Resources */,
				046338692AFEA1C5001D07BD /* Main.storyboard in Resources */,
			);
			runOnlyForDeploymentPostprocessing = 0;
		};
/* End PBXResourcesBuildPhase section */

/* Begin PBXSourcesBuildPhase section */
		0463385A2AFEA1C5001D07BD /* Sources */ = {
			isa = PBXSourcesBuildPhase;
			buildActionMask = 2147483647;
			files = (
				040184052B011C060028C57D /* NetworkDataFetcher.swift in Sources */,
				040184012B0115BC0028C57D /* NetworkService.swift in Sources */,
				046338662AFEA1C5001D07BD /* ViewController.swift in Sources */,
				040184032B0119E30028C57D /* CountryModel.swift in Sources */,
				04B6CD9C2B0136BA00A2D92D /* AppGroupModel.swift in Sources */,
				046338622AFEA1C5001D07BD /* AppDelegate.swift in Sources */,
				04B6CD992B012A6A00A2D92D /* ViewController+alertController.swift in Sources */,
				046338642AFEA1C5001D07BD /* SceneDelegate.swift in Sources */,
				040183FF2B01152D0028C57D /* DataStore.swift in Sources */,
			);
			runOnlyForDeploymentPostprocessing = 0;
		};
/* End PBXSourcesBuildPhase section */

/* Begin PBXVariantGroup section */
		046338672AFEA1C5001D07BD /* Main.storyboard */ = {
			isa = PBXVariantGroup;
			children = (
				046338682AFEA1C5001D07BD /* Base */,
			);
			name = Main.storyboard;
			sourceTree = "<group>";
		};
		0463386C2AFEA1C7001D07BD /* LaunchScreen.storyboard */ = {
			isa = PBXVariantGroup;
			children = (
				0463386D2AFEA1C7001D07BD /* Base */,
			);
			name = LaunchScreen.storyboard;
			sourceTree = "<group>";
		};
/* End PBXVariantGroup section */

/* Begin XCBuildConfiguration section */
		046338702AFEA1C7001D07BD /* Debug */ = {
			isa = XCBuildConfiguration;
			buildSettings = {
				ALWAYS_SEARCH_USER_PATHS = NO;
				ASSETCATALOG_COMPILER_GENERATE_SWIFT_ASSET_SYMBOL_EXTENSIONS = YES;
				CLANG_ANALYZER_NONNULL = YES;
				CLANG_ANALYZER_NUMBER_OBJECT_CONVERSION = YES_AGGRESSIVE;
				CLANG_CXX_LANGUAGE_STANDARD = "gnu++20";
				CLANG_ENABLE_MODULES = YES;
				CLANG_ENABLE_OBJC_ARC = YES;
				CLANG_ENABLE_OBJC_WEAK = YES;
				CLANG_WARN_BLOCK_CAPTURE_AUTORELEASING = YES;
				CLANG_WARN_BOOL_CONVERSION = YES;
				CLANG_WARN_COMMA = YES;
				CLANG_WARN_CONSTANT_CONVERSION = YES;
				CLANG_WARN_DEPRECATED_OBJC_IMPLEMENTATIONS = YES;
				CLANG_WARN_DIRECT_OBJC_ISA_USAGE = YES_ERROR;
				CLANG_WARN_DOCUMENTATION_COMMENTS = YES;
				CLANG_WARN_EMPTY_BODY = YES;
				CLANG_WARN_ENUM_CONVERSION = YES;
				CLANG_WARN_INFINITE_RECURSION = YES;
				CLANG_WARN_INT_CONVERSION = YES;
				CLANG_WARN_NON_LITERAL_NULL_CONVERSION = YES;
				CLANG_WARN_OBJC_IMPLICIT_RETAIN_SELF = YES;
				CLANG_WARN_OBJC_LITERAL_CONVERSION = YES;
				CLANG_WARN_OBJC_ROOT_CLASS = YES_ERROR;
				CLANG_WARN_QUOTED_INCLUDE_IN_FRAMEWORK_HEADER = YES;
				CLANG_WARN_RANGE_LOOP_ANALYSIS = YES;
				CLANG_WARN_STRICT_PROTOTYPES = YES;
				CLANG_WARN_SUSPICIOUS_MOVE = YES;
				CLANG_WARN_UNGUARDED_AVAILABILITY = YES_AGGRESSIVE;
				CLANG_WARN_UNREACHABLE_CODE = YES;
				CLANG_WARN__DUPLICATE_METHOD_MATCH = YES;
				COPY_PHASE_STRIP = NO;
				DEBUG_INFORMATION_FORMAT = dwarf;
				ENABLE_STRICT_OBJC_MSGSEND = YES;
				ENABLE_TESTABILITY = YES;
				ENABLE_USER_SCRIPT_SANDBOXING = YES;
				GCC_C_LANGUAGE_STANDARD = gnu17;
				GCC_DYNAMIC_NO_PIC = NO;
				GCC_NO_COMMON_BLOCKS = YES;
				GCC_OPTIMIZATION_LEVEL = 0;
				GCC_PREPROCESSOR_DEFINITIONS = (
					"DEBUG=1",
					"$(inherited)",
				);
				GCC_WARN_64_TO_32_BIT_CONVERSION = YES;
				GCC_WARN_ABOUT_RETURN_TYPE = YES_ERROR;
				GCC_WARN_UNDECLARED_SELECTOR = YES;
				GCC_WARN_UNINITIALIZED_AUTOS = YES_AGGRESSIVE;
				GCC_WARN_UNUSED_FUNCTION = YES;
				GCC_WARN_UNUSED_VARIABLE = YES;
				IPHONEOS_DEPLOYMENT_TARGET = 17.0;
				LOCALIZATION_PREFERS_STRING_CATALOGS = YES;
				MTL_ENABLE_DEBUG_INFO = INCLUDE_SOURCE;
				MTL_FAST_MATH = YES;
				ONLY_ACTIVE_ARCH = YES;
				SDKROOT = iphoneos;
				SWIFT_ACTIVE_COMPILATION_CONDITIONS = "DEBUG $(inherited)";
				SWIFT_OPTIMIZATION_LEVEL = "-Onone";
			};
			name = Debug;
		};
		046338712AFEA1C7001D07BD /* Release */ = {
			isa = XCBuildConfiguration;
			buildSettings = {
				ALWAYS_SEARCH_USER_PATHS = NO;
				ASSETCATALOG_COMPILER_GENERATE_SWIFT_ASSET_SYMBOL_EXTENSIONS = YES;
				CLANG_ANALYZER_NONNULL = YES;
				CLANG_ANALYZER_NUMBER_OBJECT_CONVERSION = YES_AGGRESSIVE;
				CLANG_CXX_LANGUAGE_STANDARD = "gnu++20";
				CLANG_ENABLE_MODULES = YES;
				CLANG_ENABLE_OBJC_ARC = YES;
				CLANG_ENABLE_OBJC_WEAK = YES;
				CLANG_WARN_BLOCK_CAPTURE_AUTORELEASING = YES;
				CLANG_WARN_BOOL_CONVERSION = YES;
				CLANG_WARN_COMMA = YES;
				CLANG_WARN_CONSTANT_CONVERSION = YES;
				CLANG_WARN_DEPRECATED_OBJC_IMPLEMENTATIONS = YES;
				CLANG_WARN_DIRECT_OBJC_ISA_USAGE = YES_ERROR;
				CLANG_WARN_DOCUMENTATION_COMMENTS = YES;
				CLANG_WARN_EMPTY_BODY = YES;
				CLANG_WARN_ENUM_CONVERSION = YES;
				CLANG_WARN_INFINITE_RECURSION = YES;
				CLANG_WARN_INT_CONVERSION = YES;
				CLANG_WARN_NON_LITERAL_NULL_CONVERSION = YES;
				CLANG_WARN_OBJC_IMPLICIT_RETAIN_SELF = YES;
				CLANG_WARN_OBJC_LITERAL_CONVERSION = YES;
				CLANG_WARN_OBJC_ROOT_CLASS = YES_ERROR;
				CLANG_WARN_QUOTED_INCLUDE_IN_FRAMEWORK_HEADER = YES;
				CLANG_WARN_RANGE_LOOP_ANALYSIS = YES;
				CLANG_WARN_STRICT_PROTOTYPES = YES;
				CLANG_WARN_SUSPICIOUS_MOVE = YES;
				CLANG_WARN_UNGUARDED_AVAILABILITY = YES_AGGRESSIVE;
				CLANG_WARN_UNREACHABLE_CODE = YES;
				CLANG_WARN__DUPLICATE_METHOD_MATCH = YES;
				COPY_PHASE_STRIP = NO;
				DEBUG_INFORMATION_FORMAT = "dwarf-with-dsym";
				ENABLE_NS_ASSERTIONS = NO;
				ENABLE_STRICT_OBJC_MSGSEND = YES;
				ENABLE_USER_SCRIPT_SANDBOXING = YES;
				GCC_C_LANGUAGE_STANDARD = gnu17;
				GCC_NO_COMMON_BLOCKS = YES;
				GCC_WARN_64_TO_32_BIT_CONVERSION = YES;
				GCC_WARN_ABOUT_RETURN_TYPE = YES_ERROR;
				GCC_WARN_UNDECLARED_SELECTOR = YES;
				GCC_WARN_UNINITIALIZED_AUTOS = YES_AGGRESSIVE;
				GCC_WARN_UNUSED_FUNCTION = YES;
				GCC_WARN_UNUSED_VARIABLE = YES;
				IPHONEOS_DEPLOYMENT_TARGET = 17.0;
				LOCALIZATION_PREFERS_STRING_CATALOGS = YES;
				MTL_ENABLE_DEBUG_INFO = NO;
				MTL_FAST_MATH = YES;
				SDKROOT = iphoneos;
				SWIFT_COMPILATION_MODE = wholemodule;
				VALIDATE_PRODUCT = YES;
			};
			name = Release;
		};
		046338732AFEA1C7001D07BD /* Debug */ = {
			isa = XCBuildConfiguration;
			buildSettings = {
				ASSETCATALOG_COMPILER_APPICON_NAME = AppIcon;
				ASSETCATALOG_COMPILER_GLOBAL_ACCENT_COLOR_NAME = AccentColor;
				CODE_SIGN_STYLE = Automatic;
				CURRENT_PROJECT_VERSION = 1;
				GENERATE_INFOPLIST_FILE = YES;
				INFOPLIST_FILE = SOLID/Info.plist;
				INFOPLIST_KEY_UIApplicationSupportsIndirectInputEvents = YES;
				INFOPLIST_KEY_UILaunchStoryboardName = LaunchScreen;
				INFOPLIST_KEY_UIMainStoryboardFile = Main;
				INFOPLIST_KEY_UISupportedInterfaceOrientations_iPad = "UIInterfaceOrientationPortrait UIInterfaceOrientationPortraitUpsideDown UIInterfaceOrientationLandscapeLeft UIInterfaceOrientationLandscapeRight";
				INFOPLIST_KEY_UISupportedInterfaceOrientations_iPhone = "UIInterfaceOrientationPortrait UIInterfaceOrientationLandscapeLeft UIInterfaceOrientationLandscapeRight";
				LD_RUNPATH_SEARCH_PATHS = (
					"$(inherited)",
					"@executable_path/Frameworks",
				);
				MARKETING_VERSION = 1.0;
				PRODUCT_BUNDLE_IDENTIFIER = Heorhii.SOLID;
				PRODUCT_NAME = "$(TARGET_NAME)";
				SWIFT_EMIT_LOC_STRINGS = YES;
				SWIFT_VERSION = 5.0;
				TARGETED_DEVICE_FAMILY = "1,2";
			};
			name = Debug;
		};
		046338742AFEA1C7001D07BD /* Release */ = {
			isa = XCBuildConfiguration;
			buildSettings = {
				ASSETCATALOG_COMPILER_APPICON_NAME = AppIcon;
				ASSETCATALOG_COMPILER_GLOBAL_ACCENT_COLOR_NAME = AccentColor;
				CODE_SIGN_STYLE = Automatic;
				CURRENT_PROJECT_VERSION = 1;
				GENERATE_INFOPLIST_FILE = YES;
				INFOPLIST_FILE = SOLID/Info.plist;
				INFOPLIST_KEY_UIApplicationSupportsIndirectInputEvents = YES;
				INFOPLIST_KEY_UILaunchStoryboardName = LaunchScreen;
				INFOPLIST_KEY_UIMainStoryboardFile = Main;
				INFOPLIST_KEY_UISupportedInterfaceOrientations_iPad = "UIInterfaceOrientationPortrait UIInterfaceOrientationPortraitUpsideDown UIInterfaceOrientationLandscapeLeft UIInterfaceOrientationLandscapeRight";
				INFOPLIST_KEY_UISupportedInterfaceOrientations_iPhone = "UIInterfaceOrientationPortrait UIInterfaceOrientationLandscapeLeft UIInterfaceOrientationLandscapeRight";
				LD_RUNPATH_SEARCH_PATHS = (
					"$(inherited)",
					"@executable_path/Frameworks",
				);
				MARKETING_VERSION = 1.0;
				PRODUCT_BUNDLE_IDENTIFIER = Heorhii.SOLID;
				PRODUCT_NAME = "$(TARGET_NAME)";
				SWIFT_EMIT_LOC_STRINGS = YES;
				SWIFT_VERSION = 5.0;
				TARGETED_DEVICE_FAMILY = "1,2";
			};
			name = Release;
		};
/* End XCBuildConfiguration section */

/* Begin XCConfigurationList section */
		046338592AFEA1C5001D07BD /* Build configuration list for PBXProject "SOLID" */ = {
			isa = XCConfigurationList;
			buildConfigurations = (
				046338702AFEA1C7001D07BD /* Debug */,
				046338712AFEA1C7001D07BD /* Release */,
			);
			defaultConfigurationIsVisible = 0;
			defaultConfigurationName = Release;
		};
		046338722AFEA1C7001D07BD /* Build configuration list for PBXNativeTarget "SOLID" */ = {
			isa = XCConfigurationList;
			buildConfigurations = (
				046338732AFEA1C7001D07BD /* Debug */,
				046338742AFEA1C7001D07BD /* Release */,
			);
			defaultConfigurationIsVisible = 0;
			defaultConfigurationName = Release;
		};
/* End XCConfigurationList section */
	};
	rootObject = 046338562AFEA1C5001D07BD /* Project object */;
}
